
Microsoft Visual Studio Solution File, Format Version 12.00
# Visual Studio Version 17
VisualStudioVersion = 17.8.34511.84
MinimumVisualStudioVersion = 10.0.40219.1
Project("{FAE04EC0-301F-11D3-BF4B-00C04F79EFBC}") = "COMP003A.Assignment1", "COMP003A.Assignment1\COMP003A.Assignment1.csproj", "{110D656A-56B4-47C8-B596-D0C964E6D99B}"
EndProject
Global
	GlobalSection(SolutionConfigurationPlatforms) = preSolution
		Debug|Any CPU = Debug|Any CPU
		Release|Any CPU = Release|Any CPU
	EndGlobalSection
	GlobalSection(ProjectConfigurationPlatforms) = postSolution
		{110D656A-56B4-47C8-B596-D0C964E6D99B}.Debug|Any CPU.ActiveCfg = Debug|Any CPU
		{110D656A-56B4-47C8-B596-D0C964E6D99B}.Debug|Any CPU.Build.0 = Debug|Any CPU
		{110D656A-56B4-47C8-B596-D0C964E6D99B}.Release|Any CPU.ActiveCfg = Release|Any CPU
		{110D656A-56B4-47C8-B596-D0C964E6D99B}.Release|Any CPU.Build.0 = Release|Any CPU
	EndGlobalSection
	GlobalSection(SolutionProperties) = preSolution
		HideSolutionNode = FALSE
	EndGlobalSection
	GlobalSection(ExtensibilityGlobals) = postSolution
		SolutionGuid = {78548E87-9083-4707-874A-2969D043A1AD}
	EndGlobalSection
EndGlobal
